
Microsoft Visual Studio Solution File, Format Version 12.00
# Visual Studio Version 16
VisualStudioVersion = 16.0.31005.135
MinimumVisualStudioVersion = 10.0.40219.1
Project("{9A19103F-16F7-4668-BE54-9A1E7A4F7556}") = "AnimalsAPI", "AnimalsAPI.csproj", "{4C1FD645-EEDE-463F-BACA-D4F8CF6CA633}"
EndProject
Global
	GlobalSection(SolutionConfigurationPlatforms) = preSolution
		Debug|Any CPU = Debug|Any CPU
		Release|Any CPU = Release|Any CPU
	EndGlobalSection
	GlobalSection(ProjectConfigurationPlatforms) = postSolution
		{4C1FD645-EEDE-463F-BACA-D4F8CF6CA633}.Debug|Any CPU.ActiveCfg = Debug|Any CPU
		{4C1FD645-EEDE-463F-BACA-D4F8CF6CA633}.Debug|Any CPU.Build.0 = Debug|Any CPU
		{4C1FD645-EEDE-463F-BACA-D4F8CF6CA633}.Release|Any CPU.ActiveCfg = Release|Any CPU
		{4C1FD645-EEDE-463F-BACA-D4F8CF6CA633}.Release|Any CPU.Build.0 = Release|Any CPU
	EndGlobalSection
	GlobalSection(SolutionProperties) = preSolution
		HideSolutionNode = FALSE
	EndGlobalSection
	GlobalSection(ExtensibilityGlobals) = postSolution
		SolutionGuid = {F5DEDD6B-CDA0-40F3-9C20-AA246DF86D3A}
	EndGlobalSection
EndGlobal
